
Microsoft Visual Studio Solution File, Format Version 12.00
Project("{FAE04EC0-301F-11D3-BF4B-00C04F79EFBC}") = "EpamGame", "EpamGame\EpamGame.csproj", "{6DD3DACB-51C7-4842-BCFB-7916C7BAC0BB}"
EndProject
Global
	GlobalSection(SolutionConfigurationPlatforms) = preSolution
		Debug|Any CPU = Debug|Any CPU
		Release|Any CPU = Release|Any CPU
	EndGlobalSection
	GlobalSection(ProjectConfigurationPlatforms) = postSolution
		{6DD3DACB-51C7-4842-BCFB-7916C7BAC0BB}.Debug|Any CPU.ActiveCfg = Debug|Any CPU
		{6DD3DACB-51C7-4842-BCFB-7916C7BAC0BB}.Debug|Any CPU.Build.0 = Debug|Any CPU
		{6DD3DACB-51C7-4842-BCFB-7916C7BAC0BB}.Release|Any CPU.ActiveCfg = Release|Any CPU
		{6DD3DACB-51C7-4842-BCFB-7916C7BAC0BB}.Release|Any CPU.Build.0 = Release|Any CPU
	EndGlobalSection
EndGlobal
